// !$*UTF8*$!
{
	archiveVersion = 1;
	classes = {
	};
	objectVersion = 46;
	objects = {

/* Begin PBXBuildFile section */
		FA6078B01557F7990006D971 /* Cocoa.framework in Frameworks */ = {isa = PBXBuildFile; fileRef = FA6078AF1557F7990006D971 /* Cocoa.framework */; };
		FA6078BA1557F7990006D971 /* InfoPlist.strings in Resources */ = {isa = PBXBuildFile; fileRef = FA6078B81557F7990006D971 /* InfoPlist.strings */; };
		FA6078BC1557F7990006D971 /* main.m in Sources */ = {isa = PBXBuildFile; fileRef = FA6078BB1557F7990006D971 /* main.m */; };
		FA6078C01557F7990006D971 /* Credits.rtf in Resources */ = {isa = PBXBuildFile; fileRef = FA6078BE1557F7990006D971 /* Credits.rtf */; };
		FA6078C31557F7990006D971 /* SCAppDelegate.m in Sources */ = {isa = PBXBuildFile; fileRef = FA6078C21557F7990006D971 /* SCAppDelegate.m */; };
		FA6078C61557F7990006D971 /* MainMenu.xib in Resources */ = {isa = PBXBuildFile; fileRef = FA6078C41557F7990006D971 /* MainMenu.xib */; };
/* End PBXBuildFile section */

/* Begin PBXFileReference section */
		FA6078AB1557F7990006D971 /* Memtester.app */ = {isa = PBXFileReference; explicitFileType = wrapper.application; includeInIndex = 0; path = Memtester.app; sourceTree = BUILT_PRODUCTS_DIR; };
		FA6078AF1557F7990006D971 /* Cocoa.framework */ = {isa = PBXFileReference; lastKnownFileType = wrapper.framework; name = Cocoa.framework; path = System/Library/Frameworks/Cocoa.framework; sourceTree = SDKROOT; };
		FA6078B21557F7990006D971 /* AppKit.framework */ = {isa = PBXFileReference; lastKnownFileType = wrapper.framework; name = AppKit.framework; path = System/Library/Frameworks/AppKit.framework; sourceTree = SDKROOT; };
		FA6078B31557F7990006D971 /* CoreData.framework */ = {isa = PBXFileReference; lastKnownFileType = wrapper.framework; name = CoreData.framework; path = System/Library/Frameworks/CoreData.framework; sourceTree = SDKROOT; };
		FA6078B41557F7990006D971 /* Foundation.framework */ = {isa = PBXFileReference; lastKnownFileType = wrapper.framework; name = Foundation.framework; path = System/Library/Frameworks/Foundation.framework; sourceTree = SDKROOT; };
		FA6078B71557F7990006D971 /* Memtester-Info.plist */ = {isa = PBXFileReference; path = "Memtester-Info.plist"; sourceTree = "<group>"; };
		FA6078B91557F7990006D971 /* en */ = {isa = PBXFileReference; lastKnownFileType = text.plist.strings; name = en; path = en.lproj/InfoPlist.strings; sourceTree = "<group>"; };
		FA6078BB1557F7990006D971 /* main.m */ = {isa = PBXFileReference; lastKnownFileType = sourcecode.c.objc; path = main.m; sourceTree = "<group>"; };
		FA6078BD1557F7990006D971 /* Memtester-Prefix.pch */ = {isa = PBXFileReference; path = "Memtester-Prefix.pch"; sourceTree = "<group>"; };
		FA6078BF1557F7990006D971 /* en */ = {isa = PBXFileReference; lastKnownFileType = text.rtf; name = en; path = en.lproj/Credits.rtf; sourceTree = "<group>"; };
		FA6078C11557F7990006D971 /* SCAppDelegate.h */ = {isa = PBXFileReference; path = SCAppDelegate.h; sourceTree = "<group>"; };
		FA6078C21557F7990006D971 /* SCAppDelegate.m */ = {isa = PBXFileReference; lastKnownFileType = sourcecode.c.objc; path = SCAppDelegate.m; sourceTree = "<group>"; };
		FA6078C51557F7990006D971 /* en */ = {isa = PBXFileReference; lastKnownFileType = file.xib; name = en; path = en.lproj/MainMenu.xib; sourceTree = "<group>"; };
/* End PBXFileReference section */

/* Begin PBXFrameworksBuildPhase section */
		FA6078A81557F7990006D971 /* Frameworks */ = {
			isa = PBXFrameworksBuildPhase;
			buildActionMask = 2147483647;
			files = (
				FA6078B01557F7990006D971 /* Cocoa.framework in Frameworks */,
			);
			runOnlyForDeploymentPostprocessing = 0;
		};
/* End PBXFrameworksBuildPhase section */

/* Begin PBXGroup section */
		FA6078A01557F7990006D971 = {
			isa = PBXGroup;
			children = (
				FA6078B51557F7990006D971 /* Memtester */,
				FA6078AE1557F7990006D971 /* Frameworks */,
				FA6078AC1557F7990006D971 /* Products */,
			);
			sourceTree = "<group>";
		};
		FA6078AC1557F7990006D971 /* Products */ = {
			isa = PBXGroup;
			children = (
				FA6078AB1557F7990006D971 /* Memtester.app */,
			);
			name = Products;
			sourceTree = "<group>";
		};
		FA6078AE1557F7990006D971 /* Frameworks */ = {
			isa = PBXGroup;
			children = (
				FA6078AF1557F7990006D971 /* Cocoa.framework */,
				FA6078B11557F7990006D971 /* Other Frameworks */,
			);
			name = Frameworks;
			sourceTree = "<group>";
		};
		FA6078B11557F7990006D971 /* Other Frameworks */ = {
			isa = PBXGroup;
			children = (
				FA6078B21557F7990006D971 /* AppKit.framework */,
				FA6078B31557F7990006D971 /* CoreData.framework */,
				FA6078B41557F7990006D971 /* Foundation.framework */,
			);
			name = "Other Frameworks";
			sourceTree = "<group>";
		};
		FA6078B51557F7990006D971 /* Memtester */ = {
			isa = PBXGroup;
			children = (
				FA6078C11557F7990006D971 /* SCAppDelegate.h */,
				FA6078C21557F7990006D971 /* SCAppDelegate.m */,
				FA6078C41557F7990006D971 /* MainMenu.xib */,
				FA6078B61557F7990006D971 /* Supporting Files */,
			);
			path = Memtester;
			sourceTree = "<group>";
		};
		FA6078B61557F7990006D971 /* Supporting Files */ = {
			isa = PBXGroup;
			children = (
				FA6078B71557F7990006D971 /* Memtester-Info.plist */,
				FA6078B81557F7990006D971 /* InfoPlist.strings */,
				FA6078BB1557F7990006D971 /* main.m */,
				FA6078BD1557F7990006D971 /* Memtester-Prefix.pch */,
				FA6078BE1557F7990006D971 /* Credits.rtf */,
			);
			name = "Supporting Files";
			sourceTree = "<group>";
		};
/* End PBXGroup section */

/* Begin PBXNativeTarget section */
		FA6078AA1557F7990006D971 /* Memtester */ = {
			isa = PBXNativeTarget;
			buildConfigurationList = FA6078C91557F7990006D971 /* Build configuration list for PBXNativeTarget "Memtester" */;
			buildPhases = (
				FA6078A71557F7990006D971 /* Sources */,
				FA6078A81557F7990006D971 /* Frameworks */,
				FA6078A91557F7990006D971 /* Resources */,
			);
			buildRules = (
			);
			dependencies = (
			);
			name = Memtester;
			productName = Memtester;
			productReference = FA6078AB1557F7990006D971 /* Memtester.app */;
			productType = "com.apple.product-type.application";
		};
/* End PBXNativeTarget section */

/* Begin PBXProject section */
		FA6078A21557F7990006D971 /* Project object */ = {
			isa = PBXProject;
			attributes = {
				CLASSPREFIX = SC;
				LastUpgradeCheck = 0430;
			};
			buildConfigurationList = FA6078A51557F7990006D971 /* Build configuration list for PBXProject "Memtester" */;
			compatibilityVersion = "Xcode 3.2";
			developmentRegion = English;
			hasScannedForEncodings = 0;
			knownRegions = (
				en,
			);
			mainGroup = FA6078A01557F7990006D971;
			productRefGroup = FA6078AC1557F7990006D971 /* Products */;
			projectDirPath = "";
			projectRoot = "";
			targets = (
				FA6078AA1557F7990006D971 /* Memtester */,
			);
		};
/* End PBXProject section */

/* Begin PBXResourcesBuildPhase section */
		FA6078A91557F7990006D971 /* Resources */ = {
			isa = PBXResourcesBuildPhase;
			buildActionMask = 2147483647;
			files = (
				FA6078BA1557F7990006D971 /* InfoPlist.strings in Resources */,
				FA6078C01557F7990006D971 /* Credits.rtf in Resources */,
				FA6078C61557F7990006D971 /* MainMenu.xib in Resources */,
			);
			runOnlyForDeploymentPostprocessing = 0;
		};
/* End PBXResourcesBuildPhase section */

/* Begin PBXSourcesBuildPhase section */
		FA6078A71557F7990006D971 /* Sources */ = {
			isa = PBXSourcesBuildPhase;
			buildActionMask = 2147483647;
			files = (
				FA6078BC1557F7990006D971 /* main.m in Sources */,
				FA6078C31557F7990006D971 /* SCAppDelegate.m in Sources */,
			);
			runOnlyForDeploymentPostprocessing = 0;
		};
/* End PBXSourcesBuildPhase section */

/* Begin PBXVariantGroup section */
		FA6078B81557F7990006D971 /* InfoPlist.strings */ = {
			isa = PBXVariantGroup;
			children = (
				FA6078B91557F7990006D971 /* en */,
			);
			name = InfoPlist.strings;
			sourceTree = "<group>";
		};
		FA6078BE1557F7990006D971 /* Credits.rtf */ = {
			isa = PBXVariantGroup;
			children = (
				FA6078BF1557F7990006D971 /* en */,
			);
			name = Credits.rtf;
			sourceTree = "<group>";
		};
		FA6078C41557F7990006D971 /* MainMenu.xib */ = {
			isa = PBXVariantGroup;
			children = (
				FA6078C51557F7990006D971 /* en */,
			);
			name = MainMenu.xib;
			sourceTree = "<group>";
		};
/* End PBXVariantGroup section */

/* Begin XCBuildConfiguration section */
		FA6078C71557F7990006D971 /* Debug */ = {
			isa = XCBuildConfiguration;
			buildSettings = {
				ALWAYS_SEARCH_USER_PATHS = NO;
				ARCHS = "$(ARCHS_STANDARD_64_BIT)";
				CLANG_ENABLE_OBJC_ARC = YES;
				COPY_PHASE_STRIP = NO;
				GCC_C_LANGUAGE_STANDARD = gnu99;
				GCC_DYNAMIC_NO_PIC = NO;
				GCC_ENABLE_OBJC_EXCEPTIONS = YES;
				GCC_OPTIMIZATION_LEVEL = 0;
				GCC_PREPROCESSOR_DEFINITIONS = (
					"DEBUG=1",
					"$(inherited)",
				);
				GCC_SYMBOLS_PRIVATE_EXTERN = NO;
				GCC_VERSION = com.apple.compilers.llvm.clang.1_0;
				GCC_WARN_64_TO_32_BIT_CONVERSION = YES;
				GCC_WARN_ABOUT_RETURN_TYPE = YES;
				GCC_WARN_UNINITIALIZED_AUTOS = YES;
				GCC_WARN_UNUSED_VARIABLE = YES;
				MACOSX_DEPLOYMENT_TARGET = 10.7;
				ONLY_ACTIVE_ARCH = YES;
				SDKROOT = macosx;
			};
			name = Debug;
		};
		FA6078C81557F7990006D971 /* Release */ = {
			isa = XCBuildConfiguration;
			buildSettings = {
				ALWAYS_SEARCH_USER_PATHS = NO;
				ARCHS = "$(ARCHS_STANDARD_64_BIT)";
				CLANG_ENABLE_OBJC_ARC = YES;
				COPY_PHASE_STRIP = YES;
				DEBUG_INFORMATION_FORMAT = "dwarf-with-dsym";
				GCC_C_LANGUAGE_STANDARD = gnu99;
				GCC_ENABLE_OBJC_EXCEPTIONS = YES;
				GCC_VERSION = com.apple.compilers.llvm.clang.1_0;
				GCC_WARN_64_TO_32_BIT_CONVERSION = YES;
				GCC_WARN_ABOUT_RETURN_TYPE = YES;
				GCC_WARN_UNINITIALIZED_AUTOS = YES;
				GCC_WARN_UNUSED_VARIABLE = YES;
				MACOSX_DEPLOYMENT_TARGET = 10.7;
				SDKROOT = macosx;
			};
			name = Release;
		};
		FA6078CA1557F7990006D971 /* Debug */ = {
			isa = XCBuildConfiguration;
			buildSettings = {
				GCC_PRECOMPILE_PREFIX_HEADER = YES;
				GCC_PREFIX_HEADER = "Memtester/Memtester-Prefix.pch";
				INFOPLIST_FILE = "Memtester/Memtester-Info.plist";
				PRODUCT_NAME = "$(TARGET_NAME)";
				WRAPPER_EXTENSION = app;
			};
			name = Debug;
		};
		FA6078CB1557F7990006D971 /* Release */ = {
			isa = XCBuildConfiguration;
			buildSettings = {
				GCC_PRECOMPILE_PREFIX_HEADER = YES;
				GCC_PREFIX_HEADER = "Memtester/Memtester-Prefix.pch";
				INFOPLIST_FILE = "Memtester/Memtester-Info.plist";
				PRODUCT_NAME = "$(TARGET_NAME)";
				WRAPPER_EXTENSION = app;
			};
			name = Release;
		};
/* End XCBuildConfiguration section */

/* Begin XCConfigurationList section */
		FA6078A51557F7990006D971 /* Build configuration list for PBXProject "Memtester" */ = {
			isa = XCConfigurationList;
			buildConfigurations = (
				FA6078C71557F7990006D971 /* Debug */,
				FA6078C81557F7990006D971 /* Release */,
			);
			defaultConfigurationIsVisible = 0;
			defaultConfigurationName = Release;
		};
		FA6078C91557F7990006D971 /* Build configuration list for PBXNativeTarget "Memtester" */ = {
			isa = XCConfigurationList;
			buildConfigurations = (
				FA6078CA1557F7990006D971 /* Debug */,
				FA6078CB1557F7990006D971 /* Release */,
			);
			defaultConfigurationIsVisible = 0;
		};
/* End XCConfigurationList section */
	};
	rootObject = FA6078A21557F7990006D971 /* Project object */;
}
